
Microsoft Visual Studio Solution File, Format Version 12.00
# Visual Studio Version 17
VisualStudioVersion = 17.2.32526.322
MinimumVisualStudioVersion = 10.0.40219.1
Project("{FAE04EC0-301F-11D3-BF4B-00C04F79EFBC}") = "GA_Hafsa_ListView", "GA_Hafsa_ListView.csproj", "{553E8374-C451-48F7-9C76-BBC773A990BB}"
EndProject
Global
	GlobalSection(SolutionConfigurationPlatforms) = preSolution
		Debug|Any CPU = Debug|Any CPU
		Release|Any CPU = Release|Any CPU
	EndGlobalSection
	GlobalSection(ProjectConfigurationPlatforms) = postSolution
		{553E8374-C451-48F7-9C76-BBC773A990BB}.Debug|Any CPU.ActiveCfg = Debug|Any CPU
		{553E8374-C451-48F7-9C76-BBC773A990BB}.Debug|Any CPU.Build.0 = Debug|Any CPU
		{553E8374-C451-48F7-9C76-BBC773A990BB}.Release|Any CPU.ActiveCfg = Release|Any CPU
		{553E8374-C451-48F7-9C76-BBC773A990BB}.Release|Any CPU.Build.0 = Release|Any CPU
	EndGlobalSection
	GlobalSection(SolutionProperties) = preSolution
		HideSolutionNode = FALSE
	EndGlobalSection
	GlobalSection(ExtensibilityGlobals) = postSolution
		SolutionGuid = {C120B4CD-9A67-45D0-BF05-D82F5AB08196}
	EndGlobalSection
EndGlobal
